
Microsoft Visual Studio Solution File, Format Version 12.00
# Visual Studio Version 17
VisualStudioVersion = 17.7.34202.233
MinimumVisualStudioVersion = 10.0.40219.1
Project("{2150E333-8FDC-42A3-9474-1A3956D46DE8}") = "Core", "Core", "{724A881E-821F-4E73-8072-786FF10AC421}"
EndProject
Project("{2150E333-8FDC-42A3-9474-1A3956D46DE8}") = "Infrastructure", "Infrastructure", "{5E67A77B-3A9F-46F1-B71C-5DAE21B751CA}"
EndProject
Project("{2150E333-8FDC-42A3-9474-1A3956D46DE8}") = "Presentation", "Presentation", "{EEB14283-EB50-41F8-8D4D-6D571331255A}"
EndProject
Project("{9A19103F-16F7-4668-BE54-9A1E7A4F7556}") = "Week_10_2.Domain", "Core\Week_10_2.Domain\Week_10_2.Domain.csproj", "{3B0DE5F2-9FBF-4ED5-BDA6-0665A5469848}"
EndProject
Project("{9A19103F-16F7-4668-BE54-9A1E7A4F7556}") = "Week_10_2.Infrastructure", "Infrastructure\Week_10_2.Infrastructure\Week_10_2.Infrastructure.csproj", "{42656516-D24E-480A-B7DD-597800D4552C}"
EndProject
Project("{9A19103F-16F7-4668-BE54-9A1E7A4F7556}") = "Week-10_2.API", "..\Week_10_2_\Presentation\Week-10_2.API\Week-10_2.API.csproj", "{5D4C5C7E-731F-47B5-9C1E-5D480BE07CB5}"
EndProject
Project("{9A19103F-16F7-4668-BE54-9A1E7A4F7556}") = "Week_10_2.Persistence", "Infrastructure\Week_10_2.Persistence\Week_10_2.Persistence.csproj", "{EB2F5FD9-6D7C-4997-936C-56ECE57D9900}"
EndProject
Project("{FAE04EC0-301F-11D3-BF4B-00C04F79EFBC}") = "Week_10_2.Application", "Core\Week_10_2.Application\Week_10_2.Application.csproj", "{1C23EB1F-ACEA-462A-B0AB-6D742F1EF329}"
EndProject
Global
	GlobalSection(SolutionConfigurationPlatforms) = preSolution
		Debug|Any CPU = Debug|Any CPU
		Release|Any CPU = Release|Any CPU
	EndGlobalSection
	GlobalSection(ProjectConfigurationPlatforms) = postSolution
		{3B0DE5F2-9FBF-4ED5-BDA6-0665A5469848}.Debug|Any CPU.ActiveCfg = Debug|Any CPU
		{3B0DE5F2-9FBF-4ED5-BDA6-0665A5469848}.Debug|Any CPU.Build.0 = Debug|Any CPU
		{3B0DE5F2-9FBF-4ED5-BDA6-0665A5469848}.Release|Any CPU.ActiveCfg = Release|Any CPU
		{3B0DE5F2-9FBF-4ED5-BDA6-0665A5469848}.Release|Any CPU.Build.0 = Release|Any CPU
		{42656516-D24E-480A-B7DD-597800D4552C}.Debug|Any CPU.ActiveCfg = Debug|Any CPU
		{42656516-D24E-480A-B7DD-597800D4552C}.Debug|Any CPU.Build.0 = Debug|Any CPU
		{42656516-D24E-480A-B7DD-597800D4552C}.Release|Any CPU.ActiveCfg = Release|Any CPU
		{42656516-D24E-480A-B7DD-597800D4552C}.Release|Any CPU.Build.0 = Release|Any CPU
		{5D4C5C7E-731F-47B5-9C1E-5D480BE07CB5}.Debug|Any CPU.ActiveCfg = Debug|Any CPU
		{5D4C5C7E-731F-47B5-9C1E-5D480BE07CB5}.Debug|Any CPU.Build.0 = Debug|Any CPU
		{5D4C5C7E-731F-47B5-9C1E-5D480BE07CB5}.Release|Any CPU.ActiveCfg = Release|Any CPU
		{5D4C5C7E-731F-47B5-9C1E-5D480BE07CB5}.Release|Any CPU.Build.0 = Release|Any CPU
		{EB2F5FD9-6D7C-4997-936C-56ECE57D9900}.Debug|Any CPU.ActiveCfg = Debug|Any CPU
		{EB2F5FD9-6D7C-4997-936C-56ECE57D9900}.Debug|Any CPU.Build.0 = Debug|Any CPU
		{EB2F5FD9-6D7C-4997-936C-56ECE57D9900}.Release|Any CPU.ActiveCfg = Release|Any CPU
		{EB2F5FD9-6D7C-4997-936C-56ECE57D9900}.Release|Any CPU.Build.0 = Release|Any CPU
		{1C23EB1F-ACEA-462A-B0AB-6D742F1EF329}.Debug|Any CPU.ActiveCfg = Debug|Any CPU
		{1C23EB1F-ACEA-462A-B0AB-6D742F1EF329}.Debug|Any CPU.Build.0 = Debug|Any CPU
		{1C23EB1F-ACEA-462A-B0AB-6D742F1EF329}.Release|Any CPU.ActiveCfg = Release|Any CPU
		{1C23EB1F-ACEA-462A-B0AB-6D742F1EF329}.Release|Any CPU.Build.0 = Release|Any CPU
	EndGlobalSection
	GlobalSection(SolutionProperties) = preSolution
		HideSolutionNode = FALSE
	EndGlobalSection
	GlobalSection(NestedProjects) = preSolution
		{3B0DE5F2-9FBF-4ED5-BDA6-0665A5469848} = {724A881E-821F-4E73-8072-786FF10AC421}
		{42656516-D24E-480A-B7DD-597800D4552C} = {5E67A77B-3A9F-46F1-B71C-5DAE21B751CA}
		{5D4C5C7E-731F-47B5-9C1E-5D480BE07CB5} = {EEB14283-EB50-41F8-8D4D-6D571331255A}
		{EB2F5FD9-6D7C-4997-936C-56ECE57D9900} = {5E67A77B-3A9F-46F1-B71C-5DAE21B751CA}
		{1C23EB1F-ACEA-462A-B0AB-6D742F1EF329} = {724A881E-821F-4E73-8072-786FF10AC421}
	EndGlobalSection
	GlobalSection(ExtensibilityGlobals) = postSolution
		SolutionGuid = {1B702FDC-06A5-423E-8E1B-41672AEF7BFE}
	EndGlobalSection
EndGlobal
