
Microsoft Visual Studio Solution File, Format Version 12.00
# Visual Studio Version 17
VisualStudioVersion = 17.7.34202.233
MinimumVisualStudioVersion = 10.0.40219.1
Project("{FAE04EC0-301F-11D3-BF4B-00C04F79EFBC}") = "Week_5_MVCClient", "Week_5_MVCClient\Week_5_MVCClient.csproj", "{B4F16E8F-AF53-4F3F-AFD5-9987C7A1631B}"
EndProject
Global
	GlobalSection(SolutionConfigurationPlatforms) = preSolution
		Debug|Any CPU = Debug|Any CPU
		Release|Any CPU = Release|Any CPU
	EndGlobalSection
	GlobalSection(ProjectConfigurationPlatforms) = postSolution
		{B4F16E8F-AF53-4F3F-AFD5-9987C7A1631B}.Debug|Any CPU.ActiveCfg = Debug|Any CPU
		{B4F16E8F-AF53-4F3F-AFD5-9987C7A1631B}.Debug|Any CPU.Build.0 = Debug|Any CPU
		{B4F16E8F-AF53-4F3F-AFD5-9987C7A1631B}.Release|Any CPU.ActiveCfg = Release|Any CPU
		{B4F16E8F-AF53-4F3F-AFD5-9987C7A1631B}.Release|Any CPU.Build.0 = Release|Any CPU
	EndGlobalSection
	GlobalSection(SolutionProperties) = preSolution
		HideSolutionNode = FALSE
	EndGlobalSection
	GlobalSection(ExtensibilityGlobals) = postSolution
		SolutionGuid = {D4817957-D01F-4A3E-81F7-1EF7034DB89A}
	EndGlobalSection
EndGlobal
